{
  "requires": true,
  "lockfileVersion": 1,
  "dependencies": {
    "bulma-steps": {
      "version": "0.1.0",
      "resolved": "https://registry.npmjs.org/bulma-steps/-/bulma-steps-0.1.0.tgz",
      "integrity": "sha1-uASYZ4xiE5M/RgA85/8MJC72NBo="
    },
    "vue-multiselect": {
      "version": "2.0.6",
      "resolved": "https://registry.npmjs.org/vue-multiselect/-/vue-multiselect-2.0.6.tgz",
      "integrity": "sha1-fKgObFPbQeQUv3ama5N33fRlnr0="
    }
  }
}
